
Microsoft Visual Studio Solution File, Format Version 12.00
# Visual Studio Version 16
VisualStudioVersion = 16.0.30804.86
MinimumVisualStudioVersion = 10.0.40219.1
Project("{9A19103F-16F7-4668-BE54-9A1E7A4F7556}") = "GestionDeCampagneBack", "GestionDeCampagneBack\GestionDeCampagneBack.csproj", "{F68EB9EA-C184-487C-9B08-15EC157E5C7B}"
EndProject
Global
	GlobalSection(SolutionConfigurationPlatforms) = preSolution
		Debug|Any CPU = Debug|Any CPU
		Release|Any CPU = Release|Any CPU
	EndGlobalSection
	GlobalSection(ProjectConfigurationPlatforms) = postSolution
		{F68EB9EA-C184-487C-9B08-15EC157E5C7B}.Debug|Any CPU.ActiveCfg = Debug|Any CPU
		{F68EB9EA-C184-487C-9B08-15EC157E5C7B}.Debug|Any CPU.Build.0 = Debug|Any CPU
		{F68EB9EA-C184-487C-9B08-15EC157E5C7B}.Release|Any CPU.ActiveCfg = Release|Any CPU
		{F68EB9EA-C184-487C-9B08-15EC157E5C7B}.Release|Any CPU.Build.0 = Release|Any CPU
	EndGlobalSection
	GlobalSection(SolutionProperties) = preSolution
		HideSolutionNode = FALSE
	EndGlobalSection
	GlobalSection(ExtensibilityGlobals) = postSolution
		SolutionGuid = {E6964857-0BC8-4FCE-A0F7-37F7BBE6A318}
	EndGlobalSection
EndGlobal
